
Microsoft Visual Studio Solution File, Format Version 12.00
# Visual Studio Version 17
VisualStudioVersion = 17.4.33110.190
MinimumVisualStudioVersion = 10.0.40219.1
Project("{FAE04EC0-301F-11D3-BF4B-00C04F79EFBC}") = "Intuit.API", "Intuit.API\Intuit.API.csproj", "{D04079A4-7C61-486E-8D1C-0DDA453CCFCB}"
EndProject
Project("{FAE04EC0-301F-11D3-BF4B-00C04F79EFBC}") = "Intuit.EF", "Intuit.EF\Intuit.EF.csproj", "{3605944B-1431-44FE-839B-73E28329001D}"
EndProject
Project("{FAE04EC0-301F-11D3-BF4B-00C04F79EFBC}") = "Intuit.Models", "Intuit.Models\Intuit.Models.csproj", "{203B201D-85A0-498E-A847-A1D56D148CF5}"
EndProject
Project("{FAE04EC0-301F-11D3-BF4B-00C04F79EFBC}") = "Intuit.Negocio", "Intuit.Negocio\Intuit.Negocio.csproj", "{2DDA3316-AC17-4A0E-8554-694BEE340A80}"
EndProject
Global
	GlobalSection(SolutionConfigurationPlatforms) = preSolution
		Debug|Any CPU = Debug|Any CPU
		Release|Any CPU = Release|Any CPU
	EndGlobalSection
	GlobalSection(ProjectConfigurationPlatforms) = postSolution
		{D04079A4-7C61-486E-8D1C-0DDA453CCFCB}.Debug|Any CPU.ActiveCfg = Debug|Any CPU
		{D04079A4-7C61-486E-8D1C-0DDA453CCFCB}.Debug|Any CPU.Build.0 = Debug|Any CPU
		{D04079A4-7C61-486E-8D1C-0DDA453CCFCB}.Release|Any CPU.ActiveCfg = Release|Any CPU
		{D04079A4-7C61-486E-8D1C-0DDA453CCFCB}.Release|Any CPU.Build.0 = Release|Any CPU
		{3605944B-1431-44FE-839B-73E28329001D}.Debug|Any CPU.ActiveCfg = Debug|Any CPU
		{3605944B-1431-44FE-839B-73E28329001D}.Debug|Any CPU.Build.0 = Debug|Any CPU
		{3605944B-1431-44FE-839B-73E28329001D}.Release|Any CPU.ActiveCfg = Release|Any CPU
		{3605944B-1431-44FE-839B-73E28329001D}.Release|Any CPU.Build.0 = Release|Any CPU
		{203B201D-85A0-498E-A847-A1D56D148CF5}.Debug|Any CPU.ActiveCfg = Debug|Any CPU
		{203B201D-85A0-498E-A847-A1D56D148CF5}.Debug|Any CPU.Build.0 = Debug|Any CPU
		{203B201D-85A0-498E-A847-A1D56D148CF5}.Release|Any CPU.ActiveCfg = Release|Any CPU
		{203B201D-85A0-498E-A847-A1D56D148CF5}.Release|Any CPU.Build.0 = Release|Any CPU
		{2DDA3316-AC17-4A0E-8554-694BEE340A80}.Debug|Any CPU.ActiveCfg = Debug|Any CPU
		{2DDA3316-AC17-4A0E-8554-694BEE340A80}.Debug|Any CPU.Build.0 = Debug|Any CPU
		{2DDA3316-AC17-4A0E-8554-694BEE340A80}.Release|Any CPU.ActiveCfg = Release|Any CPU
		{2DDA3316-AC17-4A0E-8554-694BEE340A80}.Release|Any CPU.Build.0 = Release|Any CPU
	EndGlobalSection
	GlobalSection(SolutionProperties) = preSolution
		HideSolutionNode = FALSE
	EndGlobalSection
	GlobalSection(ExtensibilityGlobals) = postSolution
		SolutionGuid = {F81AFC1D-15CC-4915-AC7A-9192A27FBD7A}
	EndGlobalSection
EndGlobal
